
Microsoft Visual Studio Solution File, Format Version 12.00
# Visual Studio 15
VisualStudioVersion = 15.0.28307.421
MinimumVisualStudioVersion = 10.0.40219.1
Project("{2150E333-8FDC-42A3-9474-1A3956D46DE8}") = "Feature", "Feature", "{C05D494C-50A8-40DE-8E0F-DEA8EC5A900F}"
EndProject
Project("{FAE04EC0-301F-11D3-BF4B-00C04F79EFBC}") = "Sitecore.Creates.Feature.Security", "src\Feature\Security\code\Sitecore.Creates.Feature.Security.csproj", "{FD689673-285B-4D7D-9449-2FF884DD4CA8}"
EndProject
Project("{2150E333-8FDC-42A3-9474-1A3956D46DE8}") = "Configuration", "Configuration", "{159A22CA-B295-44FF-9197-6A802949399D}"
	ProjectSection(SolutionItems) = preProject
		NuGet.config = NuGet.config
	EndProjectSection
EndProject
Global
	GlobalSection(SolutionConfigurationPlatforms) = preSolution
		Debug|Any CPU = Debug|Any CPU
		Release|Any CPU = Release|Any CPU
	EndGlobalSection
	GlobalSection(ProjectConfigurationPlatforms) = postSolution
		{FD689673-285B-4D7D-9449-2FF884DD4CA8}.Debug|Any CPU.ActiveCfg = Debug|Any CPU
		{FD689673-285B-4D7D-9449-2FF884DD4CA8}.Debug|Any CPU.Build.0 = Debug|Any CPU
		{FD689673-285B-4D7D-9449-2FF884DD4CA8}.Release|Any CPU.ActiveCfg = Release|Any CPU
		{FD689673-285B-4D7D-9449-2FF884DD4CA8}.Release|Any CPU.Build.0 = Release|Any CPU
	EndGlobalSection
	GlobalSection(SolutionProperties) = preSolution
		HideSolutionNode = FALSE
	EndGlobalSection
	GlobalSection(NestedProjects) = preSolution
		{FD689673-285B-4D7D-9449-2FF884DD4CA8} = {C05D494C-50A8-40DE-8E0F-DEA8EC5A900F}
	EndGlobalSection
	GlobalSection(ExtensibilityGlobals) = postSolution
		SolutionGuid = {03453D38-E937-48C6-9A32-AC2CC8E12A6A}
	EndGlobalSection
EndGlobal
