
Microsoft Visual Studio Solution File, Format Version 12.00
# Visual Studio 15
VisualStudioVersion = 15.0.28307.421
MinimumVisualStudioVersion = 10.0.40219.1
Project("{FAE04EC0-301F-11D3-BF4B-00C04F79EFBC}") = "PasswordRecovery", "PasswordRecovery\PasswordRecovery.csproj", "{6B737FB3-9417-4986-84CA-65D63F2450ED}"
EndProject
Global
	GlobalSection(SolutionConfigurationPlatforms) = preSolution
		Debug|Any CPU = Debug|Any CPU
		Release|Any CPU = Release|Any CPU
	EndGlobalSection
	GlobalSection(ProjectConfigurationPlatforms) = postSolution
		{6B737FB3-9417-4986-84CA-65D63F2450ED}.Debug|Any CPU.ActiveCfg = Debug|Any CPU
		{6B737FB3-9417-4986-84CA-65D63F2450ED}.Debug|Any CPU.Build.0 = Debug|Any CPU
		{6B737FB3-9417-4986-84CA-65D63F2450ED}.Release|Any CPU.ActiveCfg = Release|Any CPU
		{6B737FB3-9417-4986-84CA-65D63F2450ED}.Release|Any CPU.Build.0 = Release|Any CPU
	EndGlobalSection
	GlobalSection(SolutionProperties) = preSolution
		HideSolutionNode = FALSE
	EndGlobalSection
	GlobalSection(ExtensibilityGlobals) = postSolution
		SolutionGuid = {03453D38-E937-48C6-9A32-AC2CC8E12A6A}
	EndGlobalSection
EndGlobal
